{
  "name": "dandc-api",
  "version": "1.0.0",
  "lockfileVersion": 3,
  "requires": true,
  "packages": {
    "": {
      "name": "dandc-api",
      "version": "1.0.0",
      "dependencies": {
        "@azure/functions": "^4.5.0",
        "busboy": "^1.6.0",
        "nodemailer": "^6.10.1"
      }
    },
    "node_modules/@azure/functions": {
      "version": "4.16.2",
      "resolved": "https://registry.npmjs.org/@azure/functions/-/functions-4.16.2.tgz",
      "integrity": "sha512-6uq0Z7e3njy8fHpgCVIJWDtbkZz+BYXc6L8fQjisf8+hPdnauM5yZ70j9YC8xas6zvL1dFA+EfLuZcNYyuWLTg==",
      "license": "MIT",
      "dependencies": {
        "@azure/functions-extensions-base": "0.3.0",
        "cookie": "^0.7.0"
      },
      "engines": {
        "node": ">=20.0"
      }
    },
    "node_modules/@azure/functions-extensions-base": {
      "version": "0.3.0",
      "resolved": "https://registry.npmjs.org/@azure/functions-extensions-base/-/functions-extensions-base-0.3.0.tgz",
      "integrity": "sha512-Cux0hLu5ZXlC/Kb+yvJVhRLIdkfFwui2HeT5oGZL00r/GCUUkhGTzRfZUjRN4Bq729mPv3okPucz2z7SMQLStA==",
      "license": "MIT",
      "engines": {
        "node": ">=18.0"
      }
    },
    "node_modules/busboy": {
      "version": "1.6.0",
      "resolved": "https://registry.npmjs.org/busboy/-/busboy-1.6.0.tgz",
      "integrity": "sha512-8SFQbg/0hQ9xy3UNTB0YEnsNBbWfhf7RtnzpL7TkBiTBRfrQ9Fxcnz7VJsleJpyp6rVLvXiuORqjlHi5q+PYuA==",
      "dependencies": {
        "streamsearch": "^1.1.0"
      },
      "engines": {
        "node": ">=10.16.0"
      }
    },
    "node_modules/cookie": {
      "version": "0.7.2",
      "resolved": "https://registry.npmjs.org/cookie/-/cookie-0.7.2.tgz",
      "integrity": "sha512-yki5XnKuf750l50uGTllt6kKILY4nQ1eNIQatoXEByZ5dWgnKqbnqmTrBE5B4N7lrMJKQ2ytWMiTO2o0v6Ew/w==",
      "license": "MIT",
      "engines": {
        "node": ">= 0.6"
      }
    },
    "node_modules/nodemailer": {
      "version": "6.10.1",
      "resolved": "https://registry.npmjs.org/nodemailer/-/nodemailer-6.10.1.tgz",
      "integrity": "sha512-Z+iLaBGVaSjbIzQ4pX6XV41HrooLsQ10ZWPUehGmuantvzWoDVBnmsdUcOIDM1t+yPor5pDhVlDESgOMEGxhHA==",
      "license": "MIT-0",
      "engines": {
        "node": ">=6.0.0"
      }
    },
    "node_modules/streamsearch": {
      "version": "1.1.0",
      "resolved": "https://registry.npmjs.org/streamsearch/-/streamsearch-1.1.0.tgz",
      "integrity": "sha512-Mcc5wHehp9aXz1ax6bZUyY5afg9u2rv5cqQI3mRrYkGC8rW2hM02jWuwjtL++LS5qinSyhj2QfLyNsuc+VsExg==",
      "engines": {
        "node": ">=10.0.0"
      }
    }
  }
}
